
Microsoft Visual Studio Solution File, Format Version 12.00
# Visual Studio 2012
Project("{E24C65DC-7377-472B-9ABA-BC803B73C61A}") = "amaker", "D:\github\Dhy\amaker\", "{591AA89A-2270-4E79-8316-D3F53A483D6B}"
	ProjectSection(WebsiteProperties) = preProject
		TargetFrameworkMoniker = ".NETFramework,Version%3Dv4.0"
		Debug.AspNetCompiler.VirtualPath = "/amaker"
		Debug.AspNetCompiler.PhysicalPath = "amaker\"
		Debug.AspNetCompiler.TargetPath = "PrecompiledWeb\amaker\"
		Debug.AspNetCompiler.Updateable = "true"
		Debug.AspNetCompiler.ForceOverwrite = "true"
		Debug.AspNetCompiler.FixedNames = "false"
		Debug.AspNetCompiler.Debug = "True"
		Release.AspNetCompiler.VirtualPath = "/amaker"
		Release.AspNetCompiler.PhysicalPath = "amaker\"
		Release.AspNetCompiler.TargetPath = "PrecompiledWeb\amaker\"
		Release.AspNetCompiler.Updateable = "true"
		Release.AspNetCompiler.ForceOverwrite = "true"
		Release.AspNetCompiler.FixedNames = "false"
		Release.AspNetCompiler.Debug = "False"
		VWDPort = "13840"
	EndProjectSection
EndProject
Project("{FAE04EC0-301F-11D3-BF4B-00C04F79EFBC}") = "amakerMVC", "amakerMVC\amakerMVC.csproj", "{EE5FC754-C69A-4D2D-AFBB-C21FF4174EDE}"
EndProject
Project("{E24C65DC-7377-472B-9ABA-BC803B73C61A}") = "Rebulid", "Rebulid\", "{F5EF8116-943D-4C97-98C4-83E49AA98535}"
	ProjectSection(WebsiteProperties) = preProject
		TargetFrameworkMoniker = ".NETFramework,Version%3Dv4.5"
		Debug.AspNetCompiler.VirtualPath = "/Rebulid"
		Debug.AspNetCompiler.PhysicalPath = "Rebulid\"
		Debug.AspNetCompiler.TargetPath = "PrecompiledWeb\Rebulid\"
		Debug.AspNetCompiler.Updateable = "true"
		Debug.AspNetCompiler.ForceOverwrite = "true"
		Debug.AspNetCompiler.FixedNames = "false"
		Debug.AspNetCompiler.Debug = "True"
		Release.AspNetCompiler.VirtualPath = "/Rebulid"
		Release.AspNetCompiler.PhysicalPath = "Rebulid\"
		Release.AspNetCompiler.TargetPath = "PrecompiledWeb\Rebulid\"
		Release.AspNetCompiler.Updateable = "true"
		Release.AspNetCompiler.ForceOverwrite = "true"
		Release.AspNetCompiler.FixedNames = "false"
		Release.AspNetCompiler.Debug = "False"
	EndProjectSection
EndProject
Project("{E24C65DC-7377-472B-9ABA-BC803B73C61A}") = "wan", "wan\", "{6EF244E6-BBE6-41A8-BAC3-7902C79677C0}"
	ProjectSection(WebsiteProperties) = preProject
		TargetFrameworkMoniker = ".NETFramework,Version%3Dv4.5"
		Debug.AspNetCompiler.VirtualPath = "/wan"
		Debug.AspNetCompiler.PhysicalPath = "wan\"
		Debug.AspNetCompiler.TargetPath = "PrecompiledWeb\wan\"
		Debug.AspNetCompiler.Updateable = "true"
		Debug.AspNetCompiler.ForceOverwrite = "true"
		Debug.AspNetCompiler.FixedNames = "false"
		Debug.AspNetCompiler.Debug = "True"
		Release.AspNetCompiler.VirtualPath = "/wan"
		Release.AspNetCompiler.PhysicalPath = "wan\"
		Release.AspNetCompiler.TargetPath = "PrecompiledWeb\wan\"
		Release.AspNetCompiler.Updateable = "true"
		Release.AspNetCompiler.ForceOverwrite = "true"
		Release.AspNetCompiler.FixedNames = "false"
		Release.AspNetCompiler.Debug = "False"
		VWDPort = "5543"
	EndProjectSection
EndProject
Project("{E24C65DC-7377-472B-9ABA-BC803B73C61A}") = "BuildMore", "http://localhost:12318", "{85740ECA-DD9E-432D-9F92-A065BB11093A}"
	ProjectSection(WebsiteProperties) = preProject
		UseIISExpress = "true"
		TargetFrameworkMoniker = ".NETFramework,Version%3Dv4.0"
		Debug.AspNetCompiler.VirtualPath = "/localhost_12318"
		Debug.AspNetCompiler.PhysicalPath = "BuildMore\"
		Debug.AspNetCompiler.TargetPath = "PrecompiledWeb\localhost_12318\"
		Debug.AspNetCompiler.Updateable = "true"
		Debug.AspNetCompiler.ForceOverwrite = "true"
		Debug.AspNetCompiler.FixedNames = "false"
		Debug.AspNetCompiler.Debug = "True"
		Release.AspNetCompiler.VirtualPath = "/localhost_12318"
		Release.AspNetCompiler.PhysicalPath = "BuildMore\"
		Release.AspNetCompiler.TargetPath = "PrecompiledWeb\localhost_12318\"
		Release.AspNetCompiler.Updateable = "true"
		Release.AspNetCompiler.ForceOverwrite = "true"
		Release.AspNetCompiler.FixedNames = "false"
		Release.AspNetCompiler.Debug = "False"
		SlnRelativePath = "BuildMore\"
		DefaultWebSiteLanguage = "Visual C#"
	EndProjectSection
EndProject
Project("{FAE04EC0-301F-11D3-BF4B-00C04F79EFBC}") = "new", "new\new.csproj", "{A6AEDB1A-6A33-42F4-90B1-F8C658532FFB}"
EndProject
Global
	GlobalSection(SolutionConfigurationPlatforms) = preSolution
		Debug|Any CPU = Debug|Any CPU
		Release|Any CPU = Release|Any CPU
	EndGlobalSection
	GlobalSection(ProjectConfigurationPlatforms) = postSolution
		{591AA89A-2270-4E79-8316-D3F53A483D6B}.Debug|Any CPU.ActiveCfg = Debug|Any CPU
		{591AA89A-2270-4E79-8316-D3F53A483D6B}.Debug|Any CPU.Build.0 = Debug|Any CPU
		{591AA89A-2270-4E79-8316-D3F53A483D6B}.Release|Any CPU.ActiveCfg = Debug|Any CPU
		{591AA89A-2270-4E79-8316-D3F53A483D6B}.Release|Any CPU.Build.0 = Debug|Any CPU
		{EE5FC754-C69A-4D2D-AFBB-C21FF4174EDE}.Debug|Any CPU.ActiveCfg = Debug|Any CPU
		{EE5FC754-C69A-4D2D-AFBB-C21FF4174EDE}.Debug|Any CPU.Build.0 = Debug|Any CPU
		{EE5FC754-C69A-4D2D-AFBB-C21FF4174EDE}.Release|Any CPU.ActiveCfg = Release|Any CPU
		{EE5FC754-C69A-4D2D-AFBB-C21FF4174EDE}.Release|Any CPU.Build.0 = Release|Any CPU
		{F5EF8116-943D-4C97-98C4-83E49AA98535}.Debug|Any CPU.ActiveCfg = Debug|Any CPU
		{F5EF8116-943D-4C97-98C4-83E49AA98535}.Debug|Any CPU.Build.0 = Debug|Any CPU
		{F5EF8116-943D-4C97-98C4-83E49AA98535}.Release|Any CPU.ActiveCfg = Debug|Any CPU
		{F5EF8116-943D-4C97-98C4-83E49AA98535}.Release|Any CPU.Build.0 = Debug|Any CPU
		{6EF244E6-BBE6-41A8-BAC3-7902C79677C0}.Debug|Any CPU.ActiveCfg = Debug|Any CPU
		{6EF244E6-BBE6-41A8-BAC3-7902C79677C0}.Debug|Any CPU.Build.0 = Debug|Any CPU
		{6EF244E6-BBE6-41A8-BAC3-7902C79677C0}.Release|Any CPU.ActiveCfg = Debug|Any CPU
		{6EF244E6-BBE6-41A8-BAC3-7902C79677C0}.Release|Any CPU.Build.0 = Debug|Any CPU
		{85740ECA-DD9E-432D-9F92-A065BB11093A}.Debug|Any CPU.ActiveCfg = Debug|Any CPU
		{85740ECA-DD9E-432D-9F92-A065BB11093A}.Debug|Any CPU.Build.0 = Debug|Any CPU
		{85740ECA-DD9E-432D-9F92-A065BB11093A}.Release|Any CPU.ActiveCfg = Debug|Any CPU
		{85740ECA-DD9E-432D-9F92-A065BB11093A}.Release|Any CPU.Build.0 = Debug|Any CPU
		{A6AEDB1A-6A33-42F4-90B1-F8C658532FFB}.Debug|Any CPU.ActiveCfg = Debug|Any CPU
		{A6AEDB1A-6A33-42F4-90B1-F8C658532FFB}.Debug|Any CPU.Build.0 = Debug|Any CPU
		{A6AEDB1A-6A33-42F4-90B1-F8C658532FFB}.Release|Any CPU.ActiveCfg = Release|Any CPU
		{A6AEDB1A-6A33-42F4-90B1-F8C658532FFB}.Release|Any CPU.Build.0 = Release|Any CPU
	EndGlobalSection
	GlobalSection(SolutionProperties) = preSolution
		HideSolutionNode = FALSE
	EndGlobalSection
EndGlobal
