
Microsoft Visual Studio Solution File, Format Version 12.00
# Visual Studio 2012
Project("{E24C65DC-7377-472B-9ABA-BC803B73C61A}") = "amaker", "D:\github\Dhy\amaker\", "{591AA89A-2270-4E79-8316-D3F53A483D6B}"
	ProjectSection(WebsiteProperties) = preProject
		TargetFrameworkMoniker = ".NETFramework,Version%3Dv4.0"
		Debug.AspNetCompiler.VirtualPath = "/amaker"
		Debug.AspNetCompiler.PhysicalPath = "amaker\"
		Debug.AspNetCompiler.TargetPath = "PrecompiledWeb\amaker\"
		Debug.AspNetCompiler.Updateable = "true"
		Debug.AspNetCompiler.ForceOverwrite = "true"
		Debug.AspNetCompiler.FixedNames = "false"
		Debug.AspNetCompiler.Debug = "True"
		Release.AspNetCompiler.VirtualPath = "/amaker"
		Release.AspNetCompiler.PhysicalPath = "amaker\"
		Release.AspNetCompiler.TargetPath = "PrecompiledWeb\amaker\"
		Release.AspNetCompiler.Updateable = "true"
		Release.AspNetCompiler.ForceOverwrite = "true"
		Release.AspNetCompiler.FixedNames = "false"
		Release.AspNetCompiler.Debug = "False"
		VWDPort = "13840"
	EndProjectSection
EndProject
Project("{FAE04EC0-301F-11D3-BF4B-00C04F79EFBC}") = "amakerMVC", "amakerMVC\amakerMVC.csproj", "{EE5FC754-C69A-4D2D-AFBB-C21FF4174EDE}"
EndProject
Project("{E24C65DC-7377-472B-9ABA-BC803B73C61A}") = "Rebulid", "Rebulid\", "{F5EF8116-943D-4C97-98C4-83E49AA98535}"
	ProjectSection(WebsiteProperties) = preProject
		TargetFrameworkMoniker = ".NETFramework,Version%3Dv4.5"
		Debug.AspNetCompiler.VirtualPath = "/Rebulid"
		Debug.AspNetCompiler.PhysicalPath = "Rebulid\"
		Debug.AspNetCompiler.TargetPath = "PrecompiledWeb\Rebulid\"
		Debug.AspNetCompiler.Updateable = "true"
		Debug.AspNetCompiler.ForceOverwrite = "true"
		Debug.AspNetCompiler.FixedNames = "false"
		Debug.AspNetCompiler.Debug = "True"
		Release.AspNetCompiler.VirtualPath = "/Rebulid"
		Release.AspNetCompiler.PhysicalPath = "Rebulid\"
		Release.AspNetCompiler.TargetPath = "PrecompiledWeb\Rebulid\"
		Release.AspNetCompiler.Updateable = "true"
		Release.AspNetCompiler.ForceOverwrite = "true"
		Release.AspNetCompiler.FixedNames = "false"
		Release.AspNetCompiler.Debug = "False"
	EndProjectSection
EndProject
Project("{E24C65DC-7377-472B-9ABA-BC803B73C61A}") = "wan", "wan\", "{6EF244E6-BBE6-41A8-BAC3-7902C79677C0}"
	ProjectSection(WebsiteProperties) = preProject
		TargetFrameworkMoniker = ".NETFramework,Version%3Dv4.5"
		Debug.AspNetCompiler.VirtualPath = "/wan"
		Debug.AspNetCompiler.PhysicalPath = "wan\"
		Debug.AspNetCompiler.TargetPath = "PrecompiledWeb\wan\"
		Debug.AspNetCompiler.Updateable = "true"
		Debug.AspNetCompiler.ForceOverwrite = "true"
		Debug.AspNetCompiler.FixedNames = "false"
		Debug.AspNetCompiler.Debug = "True"
		Release.AspNetCompiler.VirtualPath = "/wan"
		Release.AspNetCompiler.PhysicalPath = "wan\"
		Release.AspNetCompiler.TargetPath = "PrecompiledWeb\wan\"
		Release.AspNetCompiler.Updateable = "true"
		Release.AspNetCompiler.ForceOverwrite = "true"
		Release.AspNetCompiler.FixedNames = "false"
		Release.AspNetCompiler.Debug = "False"
		VWDPort = "5543"
	EndProjectSection
EndProject
Project("{E24C65DC-7377-472B-9ABA-BC803B73C61A}") = "BuildMore", "http://localhost:12318", "{85740ECA-DD9E-432D-9F92-A065BB11093A}"
	ProjectSection(WebsiteProperties) = preProject
		UseIISExpress = "true"
		TargetFrameworkMoniker = ".NETFramework,Version%3Dv4.0"
		Debug.AspNetCompiler.VirtualPath = "/localhost_12318"
		Debug.AspNetCompiler.PhysicalPath = "BuildMore\"
		Debug.AspNetCompiler.TargetPath = "PrecompiledWeb\localhost_12318\"
		Debug.AspNetCompiler.Updateable = "true"
		Debug.AspNetCompiler.ForceOverwrite = "true"
		Debug.AspNetCompiler.FixedNames = "false"
		Debug.AspNetCompiler.Debug = "True"
		Release.AspNetCompiler.VirtualPath = "/localhost_12318"
		Release.AspNetCompiler.PhysicalPath = "BuildMore\"
		Release.AspNetCompiler.TargetPath = "PrecompiledWeb\localhost_12318\"
		Release.AspNetCompiler.Updateable = "true"
		Release.AspNetCompiler.ForceOverwrite = "true"
		Release.AspNetCompiler.FixedNames = "false"
		Release.AspNetCompiler.Debug = "False"
		SlnRelativePath = "BuildMore\"
		DefaultWebSiteLanguage = "Visual C#"
	EndProjectSection
EndProject
Project("{FAE04EC0-301F-11D3-BF4B-00C04F79EFBC}") = "new", "new\new.csproj", "{A6AEDB1A-6A33-42F4-90B1-F8C658532FFB}"
EndProject
Project("{FAE04EC0-301F-11D3-BF4B-00C04F79EFBC}") = "AmakerWebBulid", "AmakerWebBulid\AmakerWebBulid.csproj", "{ECC252CF-6424-4337-9A17-F9E7B8D03038}"
EndProject
Project("{E24C65DC-7377-472B-9ABA-BC803B73C61A}") = "Webchat", "Webchat\", "{96E4A525-DDA2-4E17-B2A3-3D28B13C4941}"
	ProjectSection(WebsiteProperties) = preProject
		TargetFrameworkMoniker = ".NETFramework,Version%3Dv4.0"
		Debug.AspNetCompiler.VirtualPath = "/Webchat"
		Debug.AspNetCompiler.PhysicalPath = "Webchat\"
		Debug.AspNetCompiler.TargetPath = "PrecompiledWeb\Webchat\"
		Debug.AspNetCompiler.Updateable = "true"
		Debug.AspNetCompiler.ForceOverwrite = "true"
		Debug.AspNetCompiler.FixedNames = "false"
		Debug.AspNetCompiler.Debug = "True"
		Release.AspNetCompiler.VirtualPath = "/Webchat"
		Release.AspNetCompiler.PhysicalPath = "Webchat\"
		Release.AspNetCompiler.TargetPath = "PrecompiledWeb\Webchat\"
		Release.AspNetCompiler.Updateable = "true"
		Release.AspNetCompiler.ForceOverwrite = "true"
		Release.AspNetCompiler.FixedNames = "false"
		Release.AspNetCompiler.Debug = "False"
		VWDPort = "5208"
		DefaultWebSiteLanguage = "Visual C#"
	EndProjectSection
EndProject
Project("{FAE04EC0-301F-11D3-BF4B-00C04F79EFBC}") = "acm", "acm\acm.csproj", "{32B18BA8-8D3D-419B-9D18-BECD498E027F}"
EndProject
Project("{FAE04EC0-301F-11D3-BF4B-00C04F79EFBC}") = "BBLB2C", "BBLB2C\BBLB2C.csproj", "{AA9C4127-1F0C-451A-AB58-250F6509B044}"
EndProject
Project("{FAE04EC0-301F-11D3-BF4B-00C04F79EFBC}") = "BBLB2C.Tests", "BBLB2C.Tests\BBLB2C.Tests.csproj", "{01583F71-97AB-490A-8C5D-33AA97B00C80}"
EndProject
Project("{FAE04EC0-301F-11D3-BF4B-00C04F79EFBC}") = "NewAmaker", "NewAmaker\NewAmaker.csproj", "{7FE5C958-105C-4888-A2AB-8909799093C3}"
EndProject
Global
	GlobalSection(SolutionConfigurationPlatforms) = preSolution
		Debug|Any CPU = Debug|Any CPU
		Debug|Mixed Platforms = Debug|Mixed Platforms
		Debug|Win32 = Debug|Win32
		Release|Any CPU = Release|Any CPU
		Release|Mixed Platforms = Release|Mixed Platforms
		Release|Win32 = Release|Win32
	EndGlobalSection
	GlobalSection(ProjectConfigurationPlatforms) = postSolution
		{591AA89A-2270-4E79-8316-D3F53A483D6B}.Debug|Any CPU.ActiveCfg = Debug|Any CPU
		{591AA89A-2270-4E79-8316-D3F53A483D6B}.Debug|Any CPU.Build.0 = Debug|Any CPU
		{591AA89A-2270-4E79-8316-D3F53A483D6B}.Debug|Mixed Platforms.ActiveCfg = Debug|Any CPU
		{591AA89A-2270-4E79-8316-D3F53A483D6B}.Debug|Mixed Platforms.Build.0 = Debug|Any CPU
		{591AA89A-2270-4E79-8316-D3F53A483D6B}.Debug|Win32.ActiveCfg = Debug|Any CPU
		{591AA89A-2270-4E79-8316-D3F53A483D6B}.Release|Any CPU.ActiveCfg = Debug|Any CPU
		{591AA89A-2270-4E79-8316-D3F53A483D6B}.Release|Any CPU.Build.0 = Debug|Any CPU
		{591AA89A-2270-4E79-8316-D3F53A483D6B}.Release|Mixed Platforms.ActiveCfg = Debug|Any CPU
		{591AA89A-2270-4E79-8316-D3F53A483D6B}.Release|Mixed Platforms.Build.0 = Debug|Any CPU
		{591AA89A-2270-4E79-8316-D3F53A483D6B}.Release|Win32.ActiveCfg = Debug|Any CPU
		{EE5FC754-C69A-4D2D-AFBB-C21FF4174EDE}.Debug|Any CPU.ActiveCfg = Debug|Any CPU
		{EE5FC754-C69A-4D2D-AFBB-C21FF4174EDE}.Debug|Any CPU.Build.0 = Debug|Any CPU
		{EE5FC754-C69A-4D2D-AFBB-C21FF4174EDE}.Debug|Mixed Platforms.ActiveCfg = Debug|Any CPU
		{EE5FC754-C69A-4D2D-AFBB-C21FF4174EDE}.Debug|Mixed Platforms.Build.0 = Debug|Any CPU
		{EE5FC754-C69A-4D2D-AFBB-C21FF4174EDE}.Debug|Win32.ActiveCfg = Debug|Any CPU
		{EE5FC754-C69A-4D2D-AFBB-C21FF4174EDE}.Release|Any CPU.ActiveCfg = Release|Any CPU
		{EE5FC754-C69A-4D2D-AFBB-C21FF4174EDE}.Release|Any CPU.Build.0 = Release|Any CPU
		{EE5FC754-C69A-4D2D-AFBB-C21FF4174EDE}.Release|Mixed Platforms.ActiveCfg = Release|Any CPU
		{EE5FC754-C69A-4D2D-AFBB-C21FF4174EDE}.Release|Mixed Platforms.Build.0 = Release|Any CPU
		{EE5FC754-C69A-4D2D-AFBB-C21FF4174EDE}.Release|Win32.ActiveCfg = Release|Any CPU
		{F5EF8116-943D-4C97-98C4-83E49AA98535}.Debug|Any CPU.ActiveCfg = Debug|Any CPU
		{F5EF8116-943D-4C97-98C4-83E49AA98535}.Debug|Any CPU.Build.0 = Debug|Any CPU
		{F5EF8116-943D-4C97-98C4-83E49AA98535}.Debug|Mixed Platforms.ActiveCfg = Debug|Any CPU
		{F5EF8116-943D-4C97-98C4-83E49AA98535}.Debug|Mixed Platforms.Build.0 = Debug|Any CPU
		{F5EF8116-943D-4C97-98C4-83E49AA98535}.Debug|Win32.ActiveCfg = Debug|Any CPU
		{F5EF8116-943D-4C97-98C4-83E49AA98535}.Release|Any CPU.ActiveCfg = Debug|Any CPU
		{F5EF8116-943D-4C97-98C4-83E49AA98535}.Release|Any CPU.Build.0 = Debug|Any CPU
		{F5EF8116-943D-4C97-98C4-83E49AA98535}.Release|Mixed Platforms.ActiveCfg = Debug|Any CPU
		{F5EF8116-943D-4C97-98C4-83E49AA98535}.Release|Mixed Platforms.Build.0 = Debug|Any CPU
		{F5EF8116-943D-4C97-98C4-83E49AA98535}.Release|Win32.ActiveCfg = Debug|Any CPU
		{6EF244E6-BBE6-41A8-BAC3-7902C79677C0}.Debug|Any CPU.ActiveCfg = Debug|Any CPU
		{6EF244E6-BBE6-41A8-BAC3-7902C79677C0}.Debug|Any CPU.Build.0 = Debug|Any CPU
		{6EF244E6-BBE6-41A8-BAC3-7902C79677C0}.Debug|Mixed Platforms.ActiveCfg = Debug|Any CPU
		{6EF244E6-BBE6-41A8-BAC3-7902C79677C0}.Debug|Mixed Platforms.Build.0 = Debug|Any CPU
		{6EF244E6-BBE6-41A8-BAC3-7902C79677C0}.Debug|Win32.ActiveCfg = Debug|Any CPU
		{6EF244E6-BBE6-41A8-BAC3-7902C79677C0}.Release|Any CPU.ActiveCfg = Debug|Any CPU
		{6EF244E6-BBE6-41A8-BAC3-7902C79677C0}.Release|Any CPU.Build.0 = Debug|Any CPU
		{6EF244E6-BBE6-41A8-BAC3-7902C79677C0}.Release|Mixed Platforms.ActiveCfg = Debug|Any CPU
		{6EF244E6-BBE6-41A8-BAC3-7902C79677C0}.Release|Mixed Platforms.Build.0 = Debug|Any CPU
		{6EF244E6-BBE6-41A8-BAC3-7902C79677C0}.Release|Win32.ActiveCfg = Debug|Any CPU
		{85740ECA-DD9E-432D-9F92-A065BB11093A}.Debug|Any CPU.ActiveCfg = Debug|Any CPU
		{85740ECA-DD9E-432D-9F92-A065BB11093A}.Debug|Any CPU.Build.0 = Debug|Any CPU
		{85740ECA-DD9E-432D-9F92-A065BB11093A}.Debug|Mixed Platforms.ActiveCfg = Debug|Any CPU
		{85740ECA-DD9E-432D-9F92-A065BB11093A}.Debug|Mixed Platforms.Build.0 = Debug|Any CPU
		{85740ECA-DD9E-432D-9F92-A065BB11093A}.Debug|Win32.ActiveCfg = Debug|Any CPU
		{85740ECA-DD9E-432D-9F92-A065BB11093A}.Release|Any CPU.ActiveCfg = Debug|Any CPU
		{85740ECA-DD9E-432D-9F92-A065BB11093A}.Release|Any CPU.Build.0 = Debug|Any CPU
		{85740ECA-DD9E-432D-9F92-A065BB11093A}.Release|Mixed Platforms.ActiveCfg = Debug|Any CPU
		{85740ECA-DD9E-432D-9F92-A065BB11093A}.Release|Mixed Platforms.Build.0 = Debug|Any CPU
		{85740ECA-DD9E-432D-9F92-A065BB11093A}.Release|Win32.ActiveCfg = Debug|Any CPU
		{A6AEDB1A-6A33-42F4-90B1-F8C658532FFB}.Debug|Any CPU.ActiveCfg = Debug|Any CPU
		{A6AEDB1A-6A33-42F4-90B1-F8C658532FFB}.Debug|Any CPU.Build.0 = Debug|Any CPU
		{A6AEDB1A-6A33-42F4-90B1-F8C658532FFB}.Debug|Mixed Platforms.ActiveCfg = Debug|Any CPU
		{A6AEDB1A-6A33-42F4-90B1-F8C658532FFB}.Debug|Mixed Platforms.Build.0 = Debug|Any CPU
		{A6AEDB1A-6A33-42F4-90B1-F8C658532FFB}.Debug|Win32.ActiveCfg = Debug|Any CPU
		{A6AEDB1A-6A33-42F4-90B1-F8C658532FFB}.Release|Any CPU.ActiveCfg = Release|Any CPU
		{A6AEDB1A-6A33-42F4-90B1-F8C658532FFB}.Release|Any CPU.Build.0 = Release|Any CPU
		{A6AEDB1A-6A33-42F4-90B1-F8C658532FFB}.Release|Mixed Platforms.ActiveCfg = Release|Any CPU
		{A6AEDB1A-6A33-42F4-90B1-F8C658532FFB}.Release|Mixed Platforms.Build.0 = Release|Any CPU
		{A6AEDB1A-6A33-42F4-90B1-F8C658532FFB}.Release|Win32.ActiveCfg = Release|Any CPU
		{ECC252CF-6424-4337-9A17-F9E7B8D03038}.Debug|Any CPU.ActiveCfg = Debug|Any CPU
		{ECC252CF-6424-4337-9A17-F9E7B8D03038}.Debug|Any CPU.Build.0 = Debug|Any CPU
		{ECC252CF-6424-4337-9A17-F9E7B8D03038}.Debug|Mixed Platforms.ActiveCfg = Debug|Any CPU
		{ECC252CF-6424-4337-9A17-F9E7B8D03038}.Debug|Mixed Platforms.Build.0 = Debug|Any CPU
		{ECC252CF-6424-4337-9A17-F9E7B8D03038}.Debug|Win32.ActiveCfg = Debug|Any CPU
		{ECC252CF-6424-4337-9A17-F9E7B8D03038}.Release|Any CPU.ActiveCfg = Release|Any CPU
		{ECC252CF-6424-4337-9A17-F9E7B8D03038}.Release|Any CPU.Build.0 = Release|Any CPU
		{ECC252CF-6424-4337-9A17-F9E7B8D03038}.Release|Mixed Platforms.ActiveCfg = Release|Any CPU
		{ECC252CF-6424-4337-9A17-F9E7B8D03038}.Release|Mixed Platforms.Build.0 = Release|Any CPU
		{ECC252CF-6424-4337-9A17-F9E7B8D03038}.Release|Win32.ActiveCfg = Release|Any CPU
		{96E4A525-DDA2-4E17-B2A3-3D28B13C4941}.Debug|Any CPU.ActiveCfg = Debug|Any CPU
		{96E4A525-DDA2-4E17-B2A3-3D28B13C4941}.Debug|Any CPU.Build.0 = Debug|Any CPU
		{96E4A525-DDA2-4E17-B2A3-3D28B13C4941}.Debug|Mixed Platforms.ActiveCfg = Debug|Any CPU
		{96E4A525-DDA2-4E17-B2A3-3D28B13C4941}.Debug|Mixed Platforms.Build.0 = Debug|Any CPU
		{96E4A525-DDA2-4E17-B2A3-3D28B13C4941}.Debug|Win32.ActiveCfg = Debug|Any CPU
		{96E4A525-DDA2-4E17-B2A3-3D28B13C4941}.Release|Any CPU.ActiveCfg = Debug|Any CPU
		{96E4A525-DDA2-4E17-B2A3-3D28B13C4941}.Release|Any CPU.Build.0 = Debug|Any CPU
		{96E4A525-DDA2-4E17-B2A3-3D28B13C4941}.Release|Mixed Platforms.ActiveCfg = Debug|Any CPU
		{96E4A525-DDA2-4E17-B2A3-3D28B13C4941}.Release|Mixed Platforms.Build.0 = Debug|Any CPU
		{96E4A525-DDA2-4E17-B2A3-3D28B13C4941}.Release|Win32.ActiveCfg = Debug|Any CPU
		{32B18BA8-8D3D-419B-9D18-BECD498E027F}.Debug|Any CPU.ActiveCfg = Debug|Any CPU
		{32B18BA8-8D3D-419B-9D18-BECD498E027F}.Debug|Any CPU.Build.0 = Debug|Any CPU
		{32B18BA8-8D3D-419B-9D18-BECD498E027F}.Debug|Mixed Platforms.ActiveCfg = Debug|Any CPU
		{32B18BA8-8D3D-419B-9D18-BECD498E027F}.Debug|Mixed Platforms.Build.0 = Debug|Any CPU
		{32B18BA8-8D3D-419B-9D18-BECD498E027F}.Debug|Win32.ActiveCfg = Debug|Any CPU
		{32B18BA8-8D3D-419B-9D18-BECD498E027F}.Release|Any CPU.ActiveCfg = Release|Any CPU
		{32B18BA8-8D3D-419B-9D18-BECD498E027F}.Release|Any CPU.Build.0 = Release|Any CPU
		{32B18BA8-8D3D-419B-9D18-BECD498E027F}.Release|Mixed Platforms.ActiveCfg = Release|Any CPU
		{32B18BA8-8D3D-419B-9D18-BECD498E027F}.Release|Mixed Platforms.Build.0 = Release|Any CPU
		{32B18BA8-8D3D-419B-9D18-BECD498E027F}.Release|Win32.ActiveCfg = Release|Any CPU
		{AA9C4127-1F0C-451A-AB58-250F6509B044}.Debug|Any CPU.ActiveCfg = Debug|Any CPU
		{AA9C4127-1F0C-451A-AB58-250F6509B044}.Debug|Any CPU.Build.0 = Debug|Any CPU
		{AA9C4127-1F0C-451A-AB58-250F6509B044}.Debug|Mixed Platforms.ActiveCfg = Debug|Any CPU
		{AA9C4127-1F0C-451A-AB58-250F6509B044}.Debug|Mixed Platforms.Build.0 = Debug|Any CPU
		{AA9C4127-1F0C-451A-AB58-250F6509B044}.Debug|Win32.ActiveCfg = Debug|Any CPU
		{AA9C4127-1F0C-451A-AB58-250F6509B044}.Release|Any CPU.ActiveCfg = Release|Any CPU
		{AA9C4127-1F0C-451A-AB58-250F6509B044}.Release|Any CPU.Build.0 = Release|Any CPU
		{AA9C4127-1F0C-451A-AB58-250F6509B044}.Release|Mixed Platforms.ActiveCfg = Release|Any CPU
		{AA9C4127-1F0C-451A-AB58-250F6509B044}.Release|Mixed Platforms.Build.0 = Release|Any CPU
		{AA9C4127-1F0C-451A-AB58-250F6509B044}.Release|Win32.ActiveCfg = Release|Any CPU
		{01583F71-97AB-490A-8C5D-33AA97B00C80}.Debug|Any CPU.ActiveCfg = Debug|Any CPU
		{01583F71-97AB-490A-8C5D-33AA97B00C80}.Debug|Any CPU.Build.0 = Debug|Any CPU
		{01583F71-97AB-490A-8C5D-33AA97B00C80}.Debug|Mixed Platforms.ActiveCfg = Debug|Any CPU
		{01583F71-97AB-490A-8C5D-33AA97B00C80}.Debug|Mixed Platforms.Build.0 = Debug|Any CPU
		{01583F71-97AB-490A-8C5D-33AA97B00C80}.Debug|Win32.ActiveCfg = Debug|Any CPU
		{01583F71-97AB-490A-8C5D-33AA97B00C80}.Release|Any CPU.ActiveCfg = Release|Any CPU
		{01583F71-97AB-490A-8C5D-33AA97B00C80}.Release|Any CPU.Build.0 = Release|Any CPU
		{01583F71-97AB-490A-8C5D-33AA97B00C80}.Release|Mixed Platforms.ActiveCfg = Release|Any CPU
		{01583F71-97AB-490A-8C5D-33AA97B00C80}.Release|Mixed Platforms.Build.0 = Release|Any CPU
		{01583F71-97AB-490A-8C5D-33AA97B00C80}.Release|Win32.ActiveCfg = Release|Any CPU
		{7FE5C958-105C-4888-A2AB-8909799093C3}.Debug|Any CPU.ActiveCfg = Debug|Any CPU
		{7FE5C958-105C-4888-A2AB-8909799093C3}.Debug|Any CPU.Build.0 = Debug|Any CPU
		{7FE5C958-105C-4888-A2AB-8909799093C3}.Debug|Mixed Platforms.ActiveCfg = Debug|Any CPU
		{7FE5C958-105C-4888-A2AB-8909799093C3}.Debug|Mixed Platforms.Build.0 = Debug|Any CPU
		{7FE5C958-105C-4888-A2AB-8909799093C3}.Debug|Win32.ActiveCfg = Debug|Any CPU
		{7FE5C958-105C-4888-A2AB-8909799093C3}.Release|Any CPU.ActiveCfg = Release|Any CPU
		{7FE5C958-105C-4888-A2AB-8909799093C3}.Release|Any CPU.Build.0 = Release|Any CPU
		{7FE5C958-105C-4888-A2AB-8909799093C3}.Release|Mixed Platforms.ActiveCfg = Release|Any CPU
		{7FE5C958-105C-4888-A2AB-8909799093C3}.Release|Mixed Platforms.Build.0 = Release|Any CPU
		{7FE5C958-105C-4888-A2AB-8909799093C3}.Release|Win32.ActiveCfg = Release|Any CPU
	EndGlobalSection
	GlobalSection(SolutionProperties) = preSolution
		HideSolutionNode = FALSE
	EndGlobalSection
EndGlobal
